// !$*UTF8*$!
{
	archiveVersion = 1;
	classes = {
	};
	objectVersion = 50;
	objects = {

/* Begin PBXBuildFile section */
		8D1C31BA212AA3530097F170 /* libz.tbd in Frameworks */ = {isa = PBXBuildFile; fileRef = 8D69732A212961E700A4C548 /* libz.tbd */; };
		8D69731E21295E0200A4C548 /* libWeChatSDK.a in Frameworks */ = {isa = PBXBuildFile; fileRef = 8D69731A21295E0200A4C548 /* libWeChatSDK.a */; };
		8D6973212129616800A4C548 /* CFNetwork.framework in Frameworks */ = {isa = PBXBuildFile; fileRef = 8D6973202129616800A4C548 /* CFNetwork.framework */; };
		8D6973232129617900A4C548 /* Security.framework in Frameworks */ = {isa = PBXBuildFile; fileRef = 8D6973222129617900A4C548 /* Security.framework */; };
		8D6973252129618600A4C548 /* CoreTelephony.framework in Frameworks */ = {isa = PBXBuildFile; fileRef = 8D6973242129618600A4C548 /* CoreTelephony.framework */; };
		8D6973272129619100A4C548 /* SystemConfiguration.framework in Frameworks */ = {isa = PBXBuildFile; fileRef = 8D6973262129619100A4C548 /* SystemConfiguration.framework */; };
		8D697329212961D300A4C548 /* libsqlite3.0.tbd in Frameworks */ = {isa = PBXBuildFile; fileRef = 8D697328212961D300A4C548 /* libsqlite3.0.tbd */; };
		8D697333212964D600A4C548 /* libc++.tbd in Frameworks */ = {isa = PBXBuildFile; fileRef = 8D697332212964D600A4C548 /* libc++.tbd */; };
		8D6973352129666600A4C548 /* UIKit.framework in Frameworks */ = {isa = PBXBuildFile; fileRef = 8D69732E2129620900A4C548 /* UIKit.framework */; };
		8DD21860212BC4AE00B8B8E7 /* 1024.png in Resources */ = {isa = PBXBuildFile; fileRef = 8DD21857212BC4AE00B8B8E7 /* 1024.png */; };
		8DD21861212BC4AE00B8B8E7 /* 20x2.png in Resources */ = {isa = PBXBuildFile; fileRef = 8DD21858212BC4AE00B8B8E7 /* 20x2.png */; };
		8DD21862212BC4AE00B8B8E7 /* 20x3.png in Resources */ = {isa = PBXBuildFile; fileRef = 8DD21859212BC4AE00B8B8E7 /* 20x3.png */; };
		8DD21863212BC4AE00B8B8E7 /* 29x2.png in Resources */ = {isa = PBXBuildFile; fileRef = 8DD2185A212BC4AE00B8B8E7 /* 29x2.png */; };
		8DD21864212BC4AE00B8B8E7 /* 29x3.png in Resources */ = {isa = PBXBuildFile; fileRef = 8DD2185B212BC4AE00B8B8E7 /* 29x3.png */; };
		8DD21865212BC4AE00B8B8E7 /* 40x2.png in Resources */ = {isa = PBXBuildFile; fileRef = 8DD2185C212BC4AE00B8B8E7 /* 40x2.png */; };
		8DD21866212BC4AE00B8B8E7 /* 40x3.png in Resources */ = {isa = PBXBuildFile; fileRef = 8DD2185D212BC4AE00B8B8E7 /* 40x3.png */; };
		8DD21867212BC4AE00B8B8E7 /* 60x2.png in Resources */ = {isa = PBXBuildFile; fileRef = 8DD2185E212BC4AE00B8B8E7 /* 60x2.png */; };
		8DD21868212BC4AE00B8B8E7 /* 60x3.png in Resources */ = {isa = PBXBuildFile; fileRef = 8DD2185F212BC4AE00B8B8E7 /* 60x3.png */; };
		8DF15F6B20A944FA007999FD /* AppDelegate.swift in Sources */ = {isa = PBXBuildFile; fileRef = 8DF15F6A20A944FA007999FD /* AppDelegate.swift */; };
		8DF15F6D20A944FA007999FD /* ViewController.swift in Sources */ = {isa = PBXBuildFile; fileRef = 8DF15F6C20A944FA007999FD /* ViewController.swift */; };
		8DF15F7020A944FA007999FD /* Main.storyboard in Resources */ = {isa = PBXBuildFile; fileRef = 8DF15F6E20A944FA007999FD /* Main.storyboard */; };
		8DF15F7220A944FB007999FD /* Assets.xcassets in Resources */ = {isa = PBXBuildFile; fileRef = 8DF15F7120A944FB007999FD /* Assets.xcassets */; };
		8DF15F7520A944FB007999FD /* LaunchScreen.storyboard in Resources */ = {isa = PBXBuildFile; fileRef = 8DF15F7320A944FB007999FD /* LaunchScreen.storyboard */; };
/* End PBXBuildFile section */

/* Begin PBXContainerItemProxy section */
		8DF15F7C20A944FB007999FD /* PBXContainerItemProxy */ = {
			isa = PBXContainerItemProxy;
			containerPortal = 8DF15F5F20A944FA007999FD /* Project object */;
			proxyType = 1;
			remoteGlobalIDString = 8DF15F6620A944FA007999FD;
			remoteInfo = xAdao;
		};
		8DF15F8720A944FC007999FD /* PBXContainerItemProxy */ = {
			isa = PBXContainerItemProxy;
			containerPortal = 8DF15F5F20A944FA007999FD /* Project object */;
			proxyType = 1;
			remoteGlobalIDString = 8DF15F6620A944FA007999FD;
			remoteInfo = xAdao;
		};
/* End PBXContainerItemProxy section */

/* Begin PBXFileReference section */
		8D69731A21295E0200A4C548 /* libWeChatSDK.a */ = {isa = PBXFileReference; lastKnownFileType = archive.ar; path = libWeChatSDK.a; sourceTree = "<group>"; };
		8D69731B21295E0200A4C548 /* WechatAuthSDK.h */ = {isa = PBXFileReference; fileEncoding = 4; lastKnownFileType = sourcecode.c.h; path = WechatAuthSDK.h; sourceTree = "<group>"; };
		8D69731C21295E0200A4C548 /* WXApi.h */ = {isa = PBXFileReference; fileEncoding = 4; lastKnownFileType = sourcecode.c.h; path = WXApi.h; sourceTree = "<group>"; };
		8D69731D21295E0200A4C548 /* WXApiObject.h */ = {isa = PBXFileReference; fileEncoding = 4; lastKnownFileType = sourcecode.c.h; path = WXApiObject.h; sourceTree = "<group>"; };
		8D6973202129616800A4C548 /* CFNetwork.framework */ = {isa = PBXFileReference; lastKnownFileType = wrapper.framework; name = CFNetwork.framework; path = System/Library/Frameworks/CFNetwork.framework; sourceTree = SDKROOT; };
		8D6973222129617900A4C548 /* Security.framework */ = {isa = PBXFileReference; lastKnownFileType = wrapper.framework; name = Security.framework; path = System/Library/Frameworks/Security.framework; sourceTree = SDKROOT; };
		8D6973242129618600A4C548 /* CoreTelephony.framework */ = {isa = PBXFileReference; lastKnownFileType = wrapper.framework; name = CoreTelephony.framework; path = System/Library/Frameworks/CoreTelephony.framework; sourceTree = SDKROOT; };
		8D6973262129619100A4C548 /* SystemConfiguration.framework */ = {isa = PBXFileReference; lastKnownFileType = wrapper.framework; name = SystemConfiguration.framework; path = System/Library/Frameworks/SystemConfiguration.framework; sourceTree = SDKROOT; };
		8D697328212961D300A4C548 /* libsqlite3.0.tbd */ = {isa = PBXFileReference; lastKnownFileType = "sourcecode.text-based-dylib-definition"; name = libsqlite3.0.tbd; path = usr/lib/libsqlite3.0.tbd; sourceTree = SDKROOT; };
		8D69732A212961E700A4C548 /* libz.tbd */ = {isa = PBXFileReference; lastKnownFileType = "sourcecode.text-based-dylib-definition"; name = libz.tbd; path = usr/lib/libz.tbd; sourceTree = SDKROOT; };
		8D69732C212961F800A4C548 /* Foundation.framework */ = {isa = PBXFileReference; lastKnownFileType = wrapper.framework; name = Foundation.framework; path = System/Library/Frameworks/Foundation.framework; sourceTree = SDKROOT; };
		8D69732E2129620900A4C548 /* UIKit.framework */ = {isa = PBXFileReference; lastKnownFileType = wrapper.framework; name = UIKit.framework; path = System/Library/Frameworks/UIKit.framework; sourceTree = SDKROOT; };
		8D6973302129625600A4C548 /* libz.1.2.8.tbd */ = {isa = PBXFileReference; lastKnownFileType = "sourcecode.text-based-dylib-definition"; name = libz.1.2.8.tbd; path = usr/lib/libz.1.2.8.tbd; sourceTree = SDKROOT; };
		8D697332212964D600A4C548 /* libc++.tbd */ = {isa = PBXFileReference; lastKnownFileType = "sourcecode.text-based-dylib-definition"; name = "libc++.tbd"; path = "usr/lib/libc++.tbd"; sourceTree = SDKROOT; };
		8D6973342129664500A4C548 /* WeChatBridging.h */ = {isa = PBXFileReference; lastKnownFileType = sourcecode.c.h; path = WeChatBridging.h; sourceTree = "<group>"; };
		8DD21857212BC4AE00B8B8E7 /* 1024.png */ = {isa = PBXFileReference; lastKnownFileType = image.png; path = 1024.png; sourceTree = "<group>"; };
		8DD21858212BC4AE00B8B8E7 /* 20x2.png */ = {isa = PBXFileReference; lastKnownFileType = image.png; path = 20x2.png; sourceTree = "<group>"; };
		8DD21859212BC4AE00B8B8E7 /* 20x3.png */ = {isa = PBXFileReference; lastKnownFileType = image.png; path = 20x3.png; sourceTree = "<group>"; };
		8DD2185A212BC4AE00B8B8E7 /* 29x2.png */ = {isa = PBXFileReference; lastKnownFileType = image.png; path = 29x2.png; sourceTree = "<group>"; };
		8DD2185B212BC4AE00B8B8E7 /* 29x3.png */ = {isa = PBXFileReference; lastKnownFileType = image.png; path = 29x3.png; sourceTree = "<group>"; };
		8DD2185C212BC4AE00B8B8E7 /* 40x2.png */ = {isa = PBXFileReference; lastKnownFileType = image.png; path = 40x2.png; sourceTree = "<group>"; };
		8DD2185D212BC4AE00B8B8E7 /* 40x3.png */ = {isa = PBXFileReference; lastKnownFileType = image.png; path = 40x3.png; sourceTree = "<group>"; };
		8DD2185E212BC4AE00B8B8E7 /* 60x2.png */ = {isa = PBXFileReference; lastKnownFileType = image.png; path = 60x2.png; sourceTree = "<group>"; };
		8DD2185F212BC4AE00B8B8E7 /* 60x3.png */ = {isa = PBXFileReference; lastKnownFileType = image.png; path = 60x3.png; sourceTree = "<group>"; };
		8DF15F6720A944FA007999FD /* iOSLaunchDemo.app */ = {isa = PBXFileReference; explicitFileType = wrapper.application; includeInIndex = 0; path = iOSLaunchDemo.app; sourceTree = BUILT_PRODUCTS_DIR; };
		8DF15F6A20A944FA007999FD /* AppDelegate.swift */ = {isa = PBXFileReference; lastKnownFileType = sourcecode.swift; path = AppDelegate.swift; sourceTree = "<group>"; };
		8DF15F6C20A944FA007999FD /* ViewController.swift */ = {isa = PBXFileReference; lastKnownFileType = sourcecode.swift; path = ViewController.swift; sourceTree = "<group>"; };
		8DF15F6F20A944FA007999FD /* Base */ = {isa = PBXFileReference; lastKnownFileType = file.storyboard; name = Base; path = Base.lproj/Main.storyboard; sourceTree = "<group>"; };
		8DF15F7120A944FB007999FD /* Assets.xcassets */ = {isa = PBXFileReference; lastKnownFileType = folder.assetcatalog; path = Assets.xcassets; sourceTree = "<group>"; };
		8DF15F7420A944FB007999FD /* Base */ = {isa = PBXFileReference; lastKnownFileType = file.storyboard; name = Base; path = Base.lproj/LaunchScreen.storyboard; sourceTree = "<group>"; };
		8DF15F7620A944FB007999FD /* Info.plist */ = {isa = PBXFileReference; lastKnownFileType = text.plist.xml; path = Info.plist; sourceTree = "<group>"; };
		8DF15F7B20A944FB007999FD /* iOSLaunchDemoTests.xctest */ = {isa = PBXFileReference; explicitFileType = wrapper.cfbundle; includeInIndex = 0; path = iOSLaunchDemoTests.xctest; sourceTree = BUILT_PRODUCTS_DIR; };
		8DF15F8620A944FC007999FD /* iOSLaunchDemoUITests.xctest */ = {isa = PBXFileReference; explicitFileType = wrapper.cfbundle; includeInIndex = 0; path = iOSLaunchDemoUITests.xctest; sourceTree = BUILT_PRODUCTS_DIR; };
/* End PBXFileReference section */

/* Begin PBXFrameworksBuildPhase section */
		8DF15F6420A944FA007999FD /* Frameworks */ = {
			isa = PBXFrameworksBuildPhase;
			buildActionMask = 2147483647;
			files = (
				8D1C31BA212AA3530097F170 /* libz.tbd in Frameworks */,
				8D6973352129666600A4C548 /* UIKit.framework in Frameworks */,
				8D697333212964D600A4C548 /* libc++.tbd in Frameworks */,
				8D697329212961D300A4C548 /* libsqlite3.0.tbd in Frameworks */,
				8D6973272129619100A4C548 /* SystemConfiguration.framework in Frameworks */,
				8D6973252129618600A4C548 /* CoreTelephony.framework in Frameworks */,
				8D6973232129617900A4C548 /* Security.framework in Frameworks */,
				8D6973212129616800A4C548 /* CFNetwork.framework in Frameworks */,
				8D69731E21295E0200A4C548 /* libWeChatSDK.a in Frameworks */,
			);
			runOnlyForDeploymentPostprocessing = 0;
		};
		8DF15F7820A944FB007999FD /* Frameworks */ = {
			isa = PBXFrameworksBuildPhase;
			buildActionMask = 2147483647;
			files = (
			);
			runOnlyForDeploymentPostprocessing = 0;
		};
		8DF15F8320A944FC007999FD /* Frameworks */ = {
			isa = PBXFrameworksBuildPhase;
			buildActionMask = 2147483647;
			files = (
			);
			runOnlyForDeploymentPostprocessing = 0;
		};
/* End PBXFrameworksBuildPhase section */

/* Begin PBXGroup section */
		8D69731921295E0200A4C548 /* WechatLib */ = {
			isa = PBXGroup;
			children = (
				8D69731A21295E0200A4C548 /* libWeChatSDK.a */,
				8D69731B21295E0200A4C548 /* WechatAuthSDK.h */,
				8D69731C21295E0200A4C548 /* WXApi.h */,
				8D69731D21295E0200A4C548 /* WXApiObject.h */,
			);
			path = WechatLib;
			sourceTree = "<group>";
		};
		8D69731F2129616700A4C548 /* Frameworks */ = {
			isa = PBXGroup;
			children = (
				8D697332212964D600A4C548 /* libc++.tbd */,
				8D6973302129625600A4C548 /* libz.1.2.8.tbd */,
				8D69732E2129620900A4C548 /* UIKit.framework */,
				8D69732C212961F800A4C548 /* Foundation.framework */,
				8D69732A212961E700A4C548 /* libz.tbd */,
				8D697328212961D300A4C548 /* libsqlite3.0.tbd */,
				8D6973262129619100A4C548 /* SystemConfiguration.framework */,
				8D6973242129618600A4C548 /* CoreTelephony.framework */,
				8D6973222129617900A4C548 /* Security.framework */,
				8D6973202129616800A4C548 /* CFNetwork.framework */,
			);
			name = Frameworks;
			sourceTree = "<group>";
		};
		8DD21856212BC4AE00B8B8E7 /* AppIcons */ = {
			isa = PBXGroup;
			children = (
				8DD21857212BC4AE00B8B8E7 /* 1024.png */,
				8DD21858212BC4AE00B8B8E7 /* 20x2.png */,
				8DD21859212BC4AE00B8B8E7 /* 20x3.png */,
				8DD2185A212BC4AE00B8B8E7 /* 29x2.png */,
				8DD2185B212BC4AE00B8B8E7 /* 29x3.png */,
				8DD2185C212BC4AE00B8B8E7 /* 40x2.png */,
				8DD2185D212BC4AE00B8B8E7 /* 40x3.png */,
				8DD2185E212BC4AE00B8B8E7 /* 60x2.png */,
				8DD2185F212BC4AE00B8B8E7 /* 60x3.png */,
			);
			path = AppIcons;
			sourceTree = "<group>";
		};
		8DF15F5E20A944FA007999FD = {
			isa = PBXGroup;
			children = (
				8DF15F6920A944FA007999FD /* iOSLaunchDemo */,
				8DF15F6820A944FA007999FD /* Products */,
				8D69731F2129616700A4C548 /* Frameworks */,
			);
			sourceTree = "<group>";
		};
		8DF15F6820A944FA007999FD /* Products */ = {
			isa = PBXGroup;
			children = (
				8DF15F6720A944FA007999FD /* iOSLaunchDemo.app */,
				8DF15F7B20A944FB007999FD /* iOSLaunchDemoTests.xctest */,
				8DF15F8620A944FC007999FD /* iOSLaunchDemoUITests.xctest */,
			);
			name = Products;
			sourceTree = "<group>";
		};
		8DF15F6920A944FA007999FD /* iOSLaunchDemo */ = {
			isa = PBXGroup;
			children = (
				8D69731921295E0200A4C548 /* WechatLib */,
				8DF15F6A20A944FA007999FD /* AppDelegate.swift */,
				8DF15F6C20A944FA007999FD /* ViewController.swift */,
				8DF15F6E20A944FA007999FD /* Main.storyboard */,
				8DF15F7120A944FB007999FD /* Assets.xcassets */,
				8DF15F7320A944FB007999FD /* LaunchScreen.storyboard */,
				8DF15F7620A944FB007999FD /* Info.plist */,
				8D6973342129664500A4C548 /* WeChatBridging.h */,
				8DD21856212BC4AE00B8B8E7 /* AppIcons */,
			);
			path = iOSLaunchDemo;
			sourceTree = "<group>";
		};
/* End PBXGroup section */

/* Begin PBXNativeTarget section */
		8DF15F6620A944FA007999FD /* iOSLaunchDemo */ = {
			isa = PBXNativeTarget;
			buildConfigurationList = 8DF15F8F20A944FC007999FD /* Build configuration list for PBXNativeTarget "iOSLaunchDemo" */;
			buildPhases = (
				8DF15F6320A944FA007999FD /* Sources */,
				8DF15F6420A944FA007999FD /* Frameworks */,
				8DF15F6520A944FA007999FD /* Resources */,
			);
			buildRules = (
			);
			dependencies = (
			);
			name = iOSLaunchDemo;
			productName = xAdao;
			productReference = 8DF15F6720A944FA007999FD /* iOSLaunchDemo.app */;
			productType = "com.apple.product-type.application";
		};
		8DF15F7A20A944FB007999FD /* iOSLaunchDemoTests */ = {
			isa = PBXNativeTarget;
			buildConfigurationList = 8DF15F9220A944FC007999FD /* Build configuration list for PBXNativeTarget "iOSLaunchDemoTests" */;
			buildPhases = (
				8DF15F7720A944FB007999FD /* Sources */,
				8DF15F7820A944FB007999FD /* Frameworks */,
				8DF15F7920A944FB007999FD /* Resources */,
			);
			buildRules = (
			);
			dependencies = (
				8DF15F7D20A944FB007999FD /* PBXTargetDependency */,
			);
			name = iOSLaunchDemoTests;
			productName = xAdaoTests;
			productReference = 8DF15F7B20A944FB007999FD /* iOSLaunchDemoTests.xctest */;
			productType = "com.apple.product-type.bundle.unit-test";
		};
		8DF15F8520A944FC007999FD /* iOSLaunchDemoUITests */ = {
			isa = PBXNativeTarget;
			buildConfigurationList = 8DF15F9520A944FC007999FD /* Build configuration list for PBXNativeTarget "iOSLaunchDemoUITests" */;
			buildPhases = (
				8DF15F8220A944FC007999FD /* Sources */,
				8DF15F8320A944FC007999FD /* Frameworks */,
				8DF15F8420A944FC007999FD /* Resources */,
			);
			buildRules = (
			);
			dependencies = (
				8DF15F8820A944FC007999FD /* PBXTargetDependency */,
			);
			name = iOSLaunchDemoUITests;
			productName = xAdaoUITests;
			productReference = 8DF15F8620A944FC007999FD /* iOSLaunchDemoUITests.xctest */;
			productType = "com.apple.product-type.bundle.ui-testing";
		};
/* End PBXNativeTarget section */

/* Begin PBXProject section */
		8DF15F5F20A944FA007999FD /* Project object */ = {
			isa = PBXProject;
			attributes = {
				LastSwiftUpdateCheck = 0930;
				LastUpgradeCheck = 0930;
				ORGANIZATIONNAME = mfweb;
				TargetAttributes = {
					8DF15F6620A944FA007999FD = {
						CreatedOnToolsVersion = 9.3.1;
					};
					8DF15F7A20A944FB007999FD = {
						CreatedOnToolsVersion = 9.3.1;
						TestTargetID = 8DF15F6620A944FA007999FD;
					};
					8DF15F8520A944FC007999FD = {
						CreatedOnToolsVersion = 9.3.1;
						TestTargetID = 8DF15F6620A944FA007999FD;
					};
				};
			};
			buildConfigurationList = 8DF15F6220A944FA007999FD /* Build configuration list for PBXProject "iOSLaunchDemo" */;
			compatibilityVersion = "Xcode 9.3";
			developmentRegion = en;
			hasScannedForEncodings = 0;
			knownRegions = (
				en,
				Base,
			);
			mainGroup = 8DF15F5E20A944FA007999FD;
			productRefGroup = 8DF15F6820A944FA007999FD /* Products */;
			projectDirPath = "";
			projectRoot = "";
			targets = (
				8DF15F6620A944FA007999FD /* iOSLaunchDemo */,
				8DF15F7A20A944FB007999FD /* iOSLaunchDemoTests */,
				8DF15F8520A944FC007999FD /* iOSLaunchDemoUITests */,
			);
		};
/* End PBXProject section */

/* Begin PBXResourcesBuildPhase section */
		8DF15F6520A944FA007999FD /* Resources */ = {
			isa = PBXResourcesBuildPhase;
			buildActionMask = 2147483647;
			files = (
				8DD21868212BC4AE00B8B8E7 /* 60x3.png in Resources */,
				8DD21865212BC4AE00B8B8E7 /* 40x2.png in Resources */,
				8DD21862212BC4AE00B8B8E7 /* 20x3.png in Resources */,
				8DD21866212BC4AE00B8B8E7 /* 40x3.png in Resources */,
				8DD21864212BC4AE00B8B8E7 /* 29x3.png in Resources */,
				8DD21867212BC4AE00B8B8E7 /* 60x2.png in Resources */,
				8DF15F7520A944FB007999FD /* LaunchScreen.storyboard in Resources */,
				8DD21863212BC4AE00B8B8E7 /* 29x2.png in Resources */,
				8DF15F7220A944FB007999FD /* Assets.xcassets in Resources */,
				8DD21861212BC4AE00B8B8E7 /* 20x2.png in Resources */,
				8DD21860212BC4AE00B8B8E7 /* 1024.png in Resources */,
				8DF15F7020A944FA007999FD /* Main.storyboard in Resources */,
			);
			runOnlyForDeploymentPostprocessing = 0;
		};
		8DF15F7920A944FB007999FD /* Resources */ = {
			isa = PBXResourcesBuildPhase;
			buildActionMask = 2147483647;
			files = (
			);
			runOnlyForDeploymentPostprocessing = 0;
		};
		8DF15F8420A944FC007999FD /* Resources */ = {
			isa = PBXResourcesBuildPhase;
			buildActionMask = 2147483647;
			files = (
			);
			runOnlyForDeploymentPostprocessing = 0;
		};
/* End PBXResourcesBuildPhase section */

/* Begin PBXSourcesBuildPhase section */
		8DF15F6320A944FA007999FD /* Sources */ = {
			isa = PBXSourcesBuildPhase;
			buildActionMask = 2147483647;
			files = (
				8DF15F6D20A944FA007999FD /* ViewController.swift in Sources */,
				8DF15F6B20A944FA007999FD /* AppDelegate.swift in Sources */,
			);
			runOnlyForDeploymentPostprocessing = 0;
		};
		8DF15F7720A944FB007999FD /* Sources */ = {
			isa = PBXSourcesBuildPhase;
			buildActionMask = 2147483647;
			files = (
			);
			runOnlyForDeploymentPostprocessing = 0;
		};
		8DF15F8220A944FC007999FD /* Sources */ = {
			isa = PBXSourcesBuildPhase;
			buildActionMask = 2147483647;
			files = (
			);
			runOnlyForDeploymentPostprocessing = 0;
		};
/* End PBXSourcesBuildPhase section */

/* Begin PBXTargetDependency section */
		8DF15F7D20A944FB007999FD /* PBXTargetDependency */ = {
			isa = PBXTargetDependency;
			target = 8DF15F6620A944FA007999FD /* iOSLaunchDemo */;
			targetProxy = 8DF15F7C20A944FB007999FD /* PBXContainerItemProxy */;
		};
		8DF15F8820A944FC007999FD /* PBXTargetDependency */ = {
			isa = PBXTargetDependency;
			target = 8DF15F6620A944FA007999FD /* iOSLaunchDemo */;
			targetProxy = 8DF15F8720A944FC007999FD /* PBXContainerItemProxy */;
		};
/* End PBXTargetDependency section */

/* Begin PBXVariantGroup section */
		8DF15F6E20A944FA007999FD /* Main.storyboard */ = {
			isa = PBXVariantGroup;
			children = (
				8DF15F6F20A944FA007999FD /* Base */,
			);
			name = Main.storyboard;
			sourceTree = "<group>";
		};
		8DF15F7320A944FB007999FD /* LaunchScreen.storyboard */ = {
			isa = PBXVariantGroup;
			children = (
				8DF15F7420A944FB007999FD /* Base */,
			);
			name = LaunchScreen.storyboard;
			sourceTree = "<group>";
		};
/* End PBXVariantGroup section */

/* Begin XCBuildConfiguration section */
		8DF15F8D20A944FC007999FD /* Debug */ = {
			isa = XCBuildConfiguration;
			buildSettings = {
				ALWAYS_SEARCH_USER_PATHS = NO;
				CLANG_ANALYZER_NONNULL = YES;
				CLANG_ANALYZER_NUMBER_OBJECT_CONVERSION = YES_AGGRESSIVE;
				CLANG_CXX_LANGUAGE_STANDARD = "gnu++14";
				CLANG_CXX_LIBRARY = "libc++";
				CLANG_ENABLE_MODULES = YES;
				CLANG_ENABLE_OBJC_ARC = YES;
				CLANG_ENABLE_OBJC_WEAK = YES;
				CLANG_WARN_BLOCK_CAPTURE_AUTORELEASING = YES;
				CLANG_WARN_BOOL_CONVERSION = YES;
				CLANG_WARN_COMMA = YES;
				CLANG_WARN_CONSTANT_CONVERSION = YES;
				CLANG_WARN_DEPRECATED_OBJC_IMPLEMENTATIONS = YES;
				CLANG_WARN_DIRECT_OBJC_ISA_USAGE = YES_ERROR;
				CLANG_WARN_DOCUMENTATION_COMMENTS = YES;
				CLANG_WARN_EMPTY_BODY = YES;
				CLANG_WARN_ENUM_CONVERSION = YES;
				CLANG_WARN_INFINITE_RECURSION = YES;
				CLANG_WARN_INT_CONVERSION = YES;
				CLANG_WARN_NON_LITERAL_NULL_CONVERSION = YES;
				CLANG_WARN_OBJC_IMPLICIT_RETAIN_SELF = YES;
				CLANG_WARN_OBJC_LITERAL_CONVERSION = YES;
				CLANG_WARN_OBJC_ROOT_CLASS = YES_ERROR;
				CLANG_WARN_RANGE_LOOP_ANALYSIS = YES;
				CLANG_WARN_STRICT_PROTOTYPES = YES;
				CLANG_WARN_SUSPICIOUS_MOVE = YES;
				CLANG_WARN_UNGUARDED_AVAILABILITY = YES_AGGRESSIVE;
				CLANG_WARN_UNREACHABLE_CODE = YES;
				CLANG_WARN__DUPLICATE_METHOD_MATCH = YES;
				CODE_SIGN_IDENTITY = "iPhone Developer";
				COPY_PHASE_STRIP = NO;
				DEBUG_INFORMATION_FORMAT = dwarf;
				ENABLE_STRICT_OBJC_MSGSEND = YES;
				ENABLE_TESTABILITY = YES;
				GCC_C_LANGUAGE_STANDARD = gnu11;
				GCC_DYNAMIC_NO_PIC = NO;
				GCC_NO_COMMON_BLOCKS = YES;
				GCC_OPTIMIZATION_LEVEL = 0;
				GCC_PREPROCESSOR_DEFINITIONS = (
					"DEBUG=1",
					"$(inherited)",
				);
				GCC_WARN_64_TO_32_BIT_CONVERSION = YES;
				GCC_WARN_ABOUT_RETURN_TYPE = YES_ERROR;
				GCC_WARN_UNDECLARED_SELECTOR = YES;
				GCC_WARN_UNINITIALIZED_AUTOS = YES_AGGRESSIVE;
				GCC_WARN_UNUSED_FUNCTION = YES;
				GCC_WARN_UNUSED_VARIABLE = YES;
				IPHONEOS_DEPLOYMENT_TARGET = 11.3;
				MTL_ENABLE_DEBUG_INFO = YES;
				ONLY_ACTIVE_ARCH = YES;
				SDKROOT = iphoneos;
				SWIFT_ACTIVE_COMPILATION_CONDITIONS = DEBUG;
				SWIFT_OPTIMIZATION_LEVEL = "-Onone";
			};
			name = Debug;
		};
		8DF15F8E20A944FC007999FD /* Release */ = {
			isa = XCBuildConfiguration;
			buildSettings = {
				ALWAYS_SEARCH_USER_PATHS = NO;
				CLANG_ANALYZER_NONNULL = YES;
				CLANG_ANALYZER_NUMBER_OBJECT_CONVERSION = YES_AGGRESSIVE;
				CLANG_CXX_LANGUAGE_STANDARD = "gnu++14";
				CLANG_CXX_LIBRARY = "libc++";
				CLANG_ENABLE_MODULES = YES;
				CLANG_ENABLE_OBJC_ARC = YES;
				CLANG_ENABLE_OBJC_WEAK = YES;
				CLANG_WARN_BLOCK_CAPTURE_AUTORELEASING = YES;
				CLANG_WARN_BOOL_CONVERSION = YES;
				CLANG_WARN_COMMA = YES;
				CLANG_WARN_CONSTANT_CONVERSION = YES;
				CLANG_WARN_DEPRECATED_OBJC_IMPLEMENTATIONS = YES;
				CLANG_WARN_DIRECT_OBJC_ISA_USAGE = YES_ERROR;
				CLANG_WARN_DOCUMENTATION_COMMENTS = YES;
				CLANG_WARN_EMPTY_BODY = YES;
				CLANG_WARN_ENUM_CONVERSION = YES;
				CLANG_WARN_INFINITE_RECURSION = YES;
				CLANG_WARN_INT_CONVERSION = YES;
				CLANG_WARN_NON_LITERAL_NULL_CONVERSION = YES;
				CLANG_WARN_OBJC_IMPLICIT_RETAIN_SELF = YES;
				CLANG_WARN_OBJC_LITERAL_CONVERSION = YES;
				CLANG_WARN_OBJC_ROOT_CLASS = YES_ERROR;
				CLANG_WARN_RANGE_LOOP_ANALYSIS = YES;
				CLANG_WARN_STRICT_PROTOTYPES = YES;
				CLANG_WARN_SUSPICIOUS_MOVE = YES;
				CLANG_WARN_UNGUARDED_AVAILABILITY = YES_AGGRESSIVE;
				CLANG_WARN_UNREACHABLE_CODE = YES;
				CLANG_WARN__DUPLICATE_METHOD_MATCH = YES;
				CODE_SIGN_IDENTITY = "iPhone Developer";
				COPY_PHASE_STRIP = NO;
				DEBUG_INFORMATION_FORMAT = "dwarf-with-dsym";
				ENABLE_NS_ASSERTIONS = NO;
				ENABLE_STRICT_OBJC_MSGSEND = YES;
				GCC_C_LANGUAGE_STANDARD = gnu11;
				GCC_NO_COMMON_BLOCKS = YES;
				GCC_WARN_64_TO_32_BIT_CONVERSION = YES;
				GCC_WARN_ABOUT_RETURN_TYPE = YES_ERROR;
				GCC_WARN_UNDECLARED_SELECTOR = YES;
				GCC_WARN_UNINITIALIZED_AUTOS = YES_AGGRESSIVE;
				GCC_WARN_UNUSED_FUNCTION = YES;
				GCC_WARN_UNUSED_VARIABLE = YES;
				IPHONEOS_DEPLOYMENT_TARGET = 11.3;
				MTL_ENABLE_DEBUG_INFO = NO;
				SDKROOT = iphoneos;
				SWIFT_COMPILATION_MODE = wholemodule;
				SWIFT_OPTIMIZATION_LEVEL = "-O";
				VALIDATE_PRODUCT = YES;
			};
			name = Release;
		};
		8DF15F9020A944FC007999FD /* Debug */ = {
			isa = XCBuildConfiguration;
			buildSettings = {
				ASSETCATALOG_COMPILER_APPICON_NAME = AppIcon;
				CODE_SIGN_IDENTITY = "iPhone Developer";
				CODE_SIGN_STYLE = Automatic;
				DEVELOPMENT_TEAM = QJ4KPKGV4S;
				INFOPLIST_FILE = iOSLaunchDemo/Info.plist;
				IPHONEOS_DEPLOYMENT_TARGET = 10.0;
				LD_RUNPATH_SEARCH_PATHS = (
					"$(inherited)",
					"@executable_path/Frameworks",
				);
				LIBRARY_SEARCH_PATHS = (
					"$(inherited)",
					"$(PROJECT_DIR)/iOSLaunchDemo/WechatLib",
				);
				OTHER_LDFLAGS = (
					"-Objc",
					"-all_load",
				);
				PRODUCT_BUNDLE_IDENTIFIER = mfweb.iOSLaunchDemo;
				PRODUCT_NAME = "$(TARGET_NAME)";
				PROVISIONING_PROFILE_SPECIFIER = "";
				SWIFT_OBJC_BRIDGING_HEADER = iOSLaunchDemo/WeChatBridging.h;
				SWIFT_VERSION = 4.0;
				TARGETED_DEVICE_FAMILY = 1;
			};
			name = Debug;
		};
		8DF15F9120A944FC007999FD /* Release */ = {
			isa = XCBuildConfiguration;
			buildSettings = {
				ASSETCATALOG_COMPILER_APPICON_NAME = AppIcon;
				CODE_SIGN_IDENTITY = "iPhone Developer";
				CODE_SIGN_STYLE = Automatic;
				DEVELOPMENT_TEAM = QJ4KPKGV4S;
				INFOPLIST_FILE = iOSLaunchDemo/Info.plist;
				IPHONEOS_DEPLOYMENT_TARGET = 10.0;
				LD_RUNPATH_SEARCH_PATHS = (
					"$(inherited)",
					"@executable_path/Frameworks",
				);
				LIBRARY_SEARCH_PATHS = (
					"$(inherited)",
					"$(PROJECT_DIR)/iOSLaunchDemo/WechatLib",
				);
				OTHER_LDFLAGS = (
					"-Objc",
					"-all_load",
				);
				PRODUCT_BUNDLE_IDENTIFIER = mfweb.iOSLaunchDemo;
				PRODUCT_NAME = "$(TARGET_NAME)";
				PROVISIONING_PROFILE_SPECIFIER = "";
				SWIFT_OBJC_BRIDGING_HEADER = iOSLaunchDemo/WeChatBridging.h;
				SWIFT_VERSION = 4.0;
				TARGETED_DEVICE_FAMILY = 1;
			};
			name = Release;
		};
		8DF15F9320A944FC007999FD /* Debug */ = {
			isa = XCBuildConfiguration;
			buildSettings = {
				ALWAYS_EMBED_SWIFT_STANDARD_LIBRARIES = YES;
				BUNDLE_LOADER = "$(TEST_HOST)";
				CODE_SIGN_STYLE = Automatic;
				INFOPLIST_FILE = xAdaoTests/Info.plist;
				LD_RUNPATH_SEARCH_PATHS = (
					"$(inherited)",
					"@executable_path/Frameworks",
					"@loader_path/Frameworks",
				);
				PRODUCT_BUNDLE_IDENTIFIER = kanata.xAdaoTests;
				PRODUCT_NAME = "$(TARGET_NAME)";
				SWIFT_VERSION = 4.0;
				TARGETED_DEVICE_FAMILY = "1,2";
				TEST_HOST = "$(BUILT_PRODUCTS_DIR)/iOSLaunchDemo.app/iOSLaunchDemo";
			};
			name = Debug;
		};
		8DF15F9420A944FC007999FD /* Release */ = {
			isa = XCBuildConfiguration;
			buildSettings = {
				ALWAYS_EMBED_SWIFT_STANDARD_LIBRARIES = YES;
				BUNDLE_LOADER = "$(TEST_HOST)";
				CODE_SIGN_STYLE = Automatic;
				INFOPLIST_FILE = xAdaoTests/Info.plist;
				LD_RUNPATH_SEARCH_PATHS = (
					"$(inherited)",
					"@executable_path/Frameworks",
					"@loader_path/Frameworks",
				);
				PRODUCT_BUNDLE_IDENTIFIER = kanata.xAdaoTests;
				PRODUCT_NAME = "$(TARGET_NAME)";
				SWIFT_VERSION = 4.0;
				TARGETED_DEVICE_FAMILY = "1,2";
				TEST_HOST = "$(BUILT_PRODUCTS_DIR)/iOSLaunchDemo.app/iOSLaunchDemo";
			};
			name = Release;
		};
		8DF15F9620A944FC007999FD /* Debug */ = {
			isa = XCBuildConfiguration;
			buildSettings = {
				ALWAYS_EMBED_SWIFT_STANDARD_LIBRARIES = YES;
				CODE_SIGN_STYLE = Automatic;
				INFOPLIST_FILE = xAdaoUITests/Info.plist;
				LD_RUNPATH_SEARCH_PATHS = (
					"$(inherited)",
					"@executable_path/Frameworks",
					"@loader_path/Frameworks",
				);
				PRODUCT_BUNDLE_IDENTIFIER = kanata.xAdaoUITests;
				PRODUCT_NAME = "$(TARGET_NAME)";
				SWIFT_VERSION = 4.0;
				TARGETED_DEVICE_FAMILY = "1,2";
				TEST_TARGET_NAME = xAdao;
			};
			name = Debug;
		};
		8DF15F9720A944FC007999FD /* Release */ = {
			isa = XCBuildConfiguration;
			buildSettings = {
				ALWAYS_EMBED_SWIFT_STANDARD_LIBRARIES = YES;
				CODE_SIGN_STYLE = Automatic;
				INFOPLIST_FILE = xAdaoUITests/Info.plist;
				LD_RUNPATH_SEARCH_PATHS = (
					"$(inherited)",
					"@executable_path/Frameworks",
					"@loader_path/Frameworks",
				);
				PRODUCT_BUNDLE_IDENTIFIER = kanata.xAdaoUITests;
				PRODUCT_NAME = "$(TARGET_NAME)";
				SWIFT_VERSION = 4.0;
				TARGETED_DEVICE_FAMILY = "1,2";
				TEST_TARGET_NAME = xAdao;
			};
			name = Release;
		};
/* End XCBuildConfiguration section */

/* Begin XCConfigurationList section */
		8DF15F6220A944FA007999FD /* Build configuration list for PBXProject "iOSLaunchDemo" */ = {
			isa = XCConfigurationList;
			buildConfigurations = (
				8DF15F8D20A944FC007999FD /* Debug */,
				8DF15F8E20A944FC007999FD /* Release */,
			);
			defaultConfigurationIsVisible = 0;
			defaultConfigurationName = Release;
		};
		8DF15F8F20A944FC007999FD /* Build configuration list for PBXNativeTarget "iOSLaunchDemo" */ = {
			isa = XCConfigurationList;
			buildConfigurations = (
				8DF15F9020A944FC007999FD /* Debug */,
				8DF15F9120A944FC007999FD /* Release */,
			);
			defaultConfigurationIsVisible = 0;
			defaultConfigurationName = Release;
		};
		8DF15F9220A944FC007999FD /* Build configuration list for PBXNativeTarget "iOSLaunchDemoTests" */ = {
			isa = XCConfigurationList;
			buildConfigurations = (
				8DF15F9320A944FC007999FD /* Debug */,
				8DF15F9420A944FC007999FD /* Release */,
			);
			defaultConfigurationIsVisible = 0;
			defaultConfigurationName = Release;
		};
		8DF15F9520A944FC007999FD /* Build configuration list for PBXNativeTarget "iOSLaunchDemoUITests" */ = {
			isa = XCConfigurationList;
			buildConfigurations = (
				8DF15F9620A944FC007999FD /* Debug */,
				8DF15F9720A944FC007999FD /* Release */,
			);
			defaultConfigurationIsVisible = 0;
			defaultConfigurationName = Release;
		};
/* End XCConfigurationList section */
	};
	rootObject = 8DF15F5F20A944FA007999FD /* Project object */;
}
